
Microsoft Visual Studio Solution File, Format Version 12.00
# Visual Studio Version 17
VisualStudioVersion = 17.7.34221.43
MinimumVisualStudioVersion = 10.0.40219.1
Project("{9A19103F-16F7-4668-BE54-9A1E7A4F7556}") = "HeartRateToWeb", "VRCOSC-HeartRate2WebModule\HeartRateToWeb.csproj", "{B1D845E3-D610-48A7-82E1-8737472233BF}"
EndProject
Global
	GlobalSection(SolutionConfigurationPlatforms) = preSolution
		Debug|Any CPU = Debug|Any CPU
		Release|Any CPU = Release|Any CPU
	EndGlobalSection
	GlobalSection(ProjectConfigurationPlatforms) = postSolution
		{B1D845E3-D610-48A7-82E1-8737472233BF}.Debug|Any CPU.ActiveCfg = Debug|Any CPU
		{B1D845E3-D610-48A7-82E1-8737472233BF}.Debug|Any CPU.Build.0 = Debug|Any CPU
		{B1D845E3-D610-48A7-82E1-8737472233BF}.Release|Any CPU.ActiveCfg = Release|Any CPU
		{B1D845E3-D610-48A7-82E1-8737472233BF}.Release|Any CPU.Build.0 = Release|Any CPU
	EndGlobalSection
	GlobalSection(SolutionProperties) = preSolution
		HideSolutionNode = FALSE
	EndGlobalSection
	GlobalSection(ExtensibilityGlobals) = postSolution
		SolutionGuid = {E1CC9ACC-351B-43ED-A872-B4EE5C24B8A2}
	EndGlobalSection
EndGlobal
